// !$*UTF8*$!
{
	archiveVersion = 1;
	classes = {
	};
	objectVersion = 56;
	objects = {

/* Begin PBXBuildFile section */
		AA7302A229FFEF3700154324 /* OpenAIService.swift in Sources */ = {isa = PBXBuildFile; fileRef = AA7302A129FFEF3700154324 /* OpenAIService.swift */; };
		AA7302A629FFF20200154324 /* OpenAIModels.swift in Sources */ = {isa = PBXBuildFile; fileRef = AA7302A529FFF20200154324 /* OpenAIModels.swift */; };
		AA7302A829FFF82500154324 /* OpenAIViewModel.swift in Sources */ = {isa = PBXBuildFile; fileRef = AA7302A729FFF82500154324 /* OpenAIViewModel.swift */; };
		AAE960E029FFA7CF000D756B /* PDFGptApp.swift in Sources */ = {isa = PBXBuildFile; fileRef = AAE960DF29FFA7CF000D756B /* PDFGptApp.swift */; };
		AAE960E229FFA7CF000D756B /* ContentView.swift in Sources */ = {isa = PBXBuildFile; fileRef = AAE960E129FFA7CF000D756B /* ContentView.swift */; };
		AAE960E429FFA7CF000D756B /* Assets.xcassets in Resources */ = {isa = PBXBuildFile; fileRef = AAE960E329FFA7CF000D756B /* Assets.xcassets */; };
		AAE960E729FFA7CF000D756B /* Preview Assets.xcassets in Resources */ = {isa = PBXBuildFile; fileRef = AAE960E629FFA7CF000D756B /* Preview Assets.xcassets */; };
/* End PBXBuildFile section */

/* Begin PBXFileReference section */
		AA7302A129FFEF3700154324 /* OpenAIService.swift */ = {isa = PBXFileReference; lastKnownFileType = sourcecode.swift; path = OpenAIService.swift; sourceTree = "<group>"; };
		AA7302A529FFF20200154324 /* OpenAIModels.swift */ = {isa = PBXFileReference; lastKnownFileType = sourcecode.swift; path = OpenAIModels.swift; sourceTree = "<group>"; };
		AA7302A729FFF82500154324 /* OpenAIViewModel.swift */ = {isa = PBXFileReference; lastKnownFileType = sourcecode.swift; path = OpenAIViewModel.swift; sourceTree = "<group>"; };
		AAE960DC29FFA7CF000D756B /* PDFGpt.app */ = {isa = PBXFileReference; explicitFileType = wrapper.application; includeInIndex = 0; path = PDFGpt.app; sourceTree = BUILT_PRODUCTS_DIR; };
		AAE960DF29FFA7CF000D756B /* PDFGptApp.swift */ = {isa = PBXFileReference; lastKnownFileType = sourcecode.swift; path = PDFGptApp.swift; sourceTree = "<group>"; };
		AAE960E129FFA7CF000D756B /* ContentView.swift */ = {isa = PBXFileReference; lastKnownFileType = sourcecode.swift; path = ContentView.swift; sourceTree = "<group>"; };
		AAE960E329FFA7CF000D756B /* Assets.xcassets */ = {isa = PBXFileReference; lastKnownFileType = folder.assetcatalog; path = Assets.xcassets; sourceTree = "<group>"; };
		AAE960E629FFA7CF000D756B /* Preview Assets.xcassets */ = {isa = PBXFileReference; lastKnownFileType = folder.assetcatalog; path = "Preview Assets.xcassets"; sourceTree = "<group>"; };
		AAE960E829FFA7CF000D756B /* PDFGpt.entitlements */ = {isa = PBXFileReference; lastKnownFileType = text.plist.entitlements; path = PDFGpt.entitlements; sourceTree = "<group>"; };
/* End PBXFileReference section */

/* Begin PBXFrameworksBuildPhase section */
		AAE960D929FFA7CE000D756B /* Frameworks */ = {
			isa = PBXFrameworksBuildPhase;
			buildActionMask = 2147483647;
			files = (
			);
			runOnlyForDeploymentPostprocessing = 0;
		};
/* End PBXFrameworksBuildPhase section */

/* Begin PBXGroup section */
		AA7302A329FFEF4500154324 /* Services */ = {
			isa = PBXGroup;
			children = (
				AA7302A129FFEF3700154324 /* OpenAIService.swift */,
			);
			path = Services;
			sourceTree = "<group>";
		};
		AA7302A429FFF1EA00154324 /* Models */ = {
			isa = PBXGroup;
			children = (
				AA7302A529FFF20200154324 /* OpenAIModels.swift */,
				AA7302A729FFF82500154324 /* OpenAIViewModel.swift */,
			);
			path = Models;
			sourceTree = "<group>";
		};
		AAE960D329FFA7CE000D756B = {
			isa = PBXGroup;
			children = (
				AAE960DE29FFA7CF000D756B /* PDFGpt */,
				AAE960DD29FFA7CF000D756B /* Products */,
			);
			sourceTree = "<group>";
		};
		AAE960DD29FFA7CF000D756B /* Products */ = {
			isa = PBXGroup;
			children = (
				AAE960DC29FFA7CF000D756B /* PDFGpt.app */,
			);
			name = Products;
			sourceTree = "<group>";
		};
		AAE960DE29FFA7CF000D756B /* PDFGpt */ = {
			isa = PBXGroup;
			children = (
				AA7302A429FFF1EA00154324 /* Models */,
				AA7302A329FFEF4500154324 /* Services */,
				AAE960DF29FFA7CF000D756B /* PDFGptApp.swift */,
				AAE960E129FFA7CF000D756B /* ContentView.swift */,
				AAE960E329FFA7CF000D756B /* Assets.xcassets */,
				AAE960E829FFA7CF000D756B /* PDFGpt.entitlements */,
				AAE960E529FFA7CF000D756B /* Preview Content */,
			);
			path = PDFGpt;
			sourceTree = "<group>";
		};
		AAE960E529FFA7CF000D756B /* Preview Content */ = {
			isa = PBXGroup;
			children = (
				AAE960E629FFA7CF000D756B /* Preview Assets.xcassets */,
			);
			path = "Preview Content";
			sourceTree = "<group>";
		};
/* End PBXGroup section */

/* Begin PBXNativeTarget section */
		AAE960DB29FFA7CE000D756B /* PDFGpt */ = {
			isa = PBXNativeTarget;
			buildConfigurationList = AAE960EB29FFA7CF000D756B /* Build configuration list for PBXNativeTarget "PDFGpt" */;
			buildPhases = (
				AAE960D829FFA7CE000D756B /* Sources */,
				AAE960D929FFA7CE000D756B /* Frameworks */,
				AAE960DA29FFA7CE000D756B /* Resources */,
			);
			buildRules = (
			);
			dependencies = (
			);
			name = PDFGpt;
			productName = PDFGpt;
			productReference = AAE960DC29FFA7CF000D756B /* PDFGpt.app */;
			productType = "com.apple.product-type.application";
		};
/* End PBXNativeTarget section */

/* Begin PBXProject section */
		AAE960D429FFA7CE000D756B /* Project object */ = {
			isa = PBXProject;
			attributes = {
				BuildIndependentTargetsInParallel = 1;
				LastSwiftUpdateCheck = 1430;
				LastUpgradeCheck = 1430;
				TargetAttributes = {
					AAE960DB29FFA7CE000D756B = {
						CreatedOnToolsVersion = 14.3;
					};
				};
			};
			buildConfigurationList = AAE960D729FFA7CE000D756B /* Build configuration list for PBXProject "PDFGpt" */;
			compatibilityVersion = "Xcode 14.0";
			developmentRegion = en;
			hasScannedForEncodings = 0;
			knownRegions = (
				en,
				Base,
			);
			mainGroup = AAE960D329FFA7CE000D756B;
			productRefGroup = AAE960DD29FFA7CF000D756B /* Products */;
			projectDirPath = "";
			projectRoot = "";
			targets = (
				AAE960DB29FFA7CE000D756B /* PDFGpt */,
			);
		};
/* End PBXProject section */

/* Begin PBXResourcesBuildPhase section */
		AAE960DA29FFA7CE000D756B /* Resources */ = {
			isa = PBXResourcesBuildPhase;
			buildActionMask = 2147483647;
			files = (
				AAE960E729FFA7CF000D756B /* Preview Assets.xcassets in Resources */,
				AAE960E429FFA7CF000D756B /* Assets.xcassets in Resources */,
			);
			runOnlyForDeploymentPostprocessing = 0;
		};
/* End PBXResourcesBuildPhase section */

/* Begin PBXSourcesBuildPhase section */
		AAE960D829FFA7CE000D756B /* Sources */ = {
			isa = PBXSourcesBuildPhase;
			buildActionMask = 2147483647;
			files = (
				AAE960E229FFA7CF000D756B /* ContentView.swift in Sources */,
				AA7302A829FFF82500154324 /* OpenAIViewModel.swift in Sources */,
				AA7302A629FFF20200154324 /* OpenAIModels.swift in Sources */,
				AAE960E029FFA7CF000D756B /* PDFGptApp.swift in Sources */,
				AA7302A229FFEF3700154324 /* OpenAIService.swift in Sources */,
			);
			runOnlyForDeploymentPostprocessing = 0;
		};
/* End PBXSourcesBuildPhase section */

/* Begin XCBuildConfiguration section */
		AAE960E929FFA7CF000D756B /* Debug */ = {
			isa = XCBuildConfiguration;
			buildSettings = {
				ALWAYS_SEARCH_USER_PATHS = NO;
				CLANG_ANALYZER_NONNULL = YES;
				CLANG_ANALYZER_NUMBER_OBJECT_CONVERSION = YES_AGGRESSIVE;
				CLANG_CXX_LANGUAGE_STANDARD = "gnu++20";
				CLANG_ENABLE_MODULES = YES;
				CLANG_ENABLE_OBJC_ARC = YES;
				CLANG_ENABLE_OBJC_WEAK = YES;
				CLANG_WARN_BLOCK_CAPTURE_AUTORELEASING = YES;
				CLANG_WARN_BOOL_CONVERSION = YES;
				CLANG_WARN_COMMA = YES;
				CLANG_WARN_CONSTANT_CONVERSION = YES;
				CLANG_WARN_DEPRECATED_OBJC_IMPLEMENTATIONS = YES;
				CLANG_WARN_DIRECT_OBJC_ISA_USAGE = YES_ERROR;
				CLANG_WARN_DOCUMENTATION_COMMENTS = YES;
				CLANG_WARN_EMPTY_BODY = YES;
				CLANG_WARN_ENUM_CONVERSION = YES;
				CLANG_WARN_INFINITE_RECURSION = YES;
				CLANG_WARN_INT_CONVERSION = YES;
				CLANG_WARN_NON_LITERAL_NULL_CONVERSION = YES;
				CLANG_WARN_OBJC_IMPLICIT_RETAIN_SELF = YES;
				CLANG_WARN_OBJC_LITERAL_CONVERSION = YES;
				CLANG_WARN_OBJC_ROOT_CLASS = YES_ERROR;
				CLANG_WARN_QUOTED_INCLUDE_IN_FRAMEWORK_HEADER = YES;
				CLANG_WARN_RANGE_LOOP_ANALYSIS = YES;
				CLANG_WARN_STRICT_PROTOTYPES = YES;
				CLANG_WARN_SUSPICIOUS_MOVE = YES;
				CLANG_WARN_UNGUARDED_AVAILABILITY = YES_AGGRESSIVE;
				CLANG_WARN_UNREACHABLE_CODE = YES;
				CLANG_WARN__DUPLICATE_METHOD_MATCH = YES;
				COPY_PHASE_STRIP = NO;
				DEBUG_INFORMATION_FORMAT = dwarf;
				ENABLE_STRICT_OBJC_MSGSEND = YES;
				ENABLE_TESTABILITY = YES;
				GCC_C_LANGUAGE_STANDARD = gnu11;
				GCC_DYNAMIC_NO_PIC = NO;
				GCC_NO_COMMON_BLOCKS = YES;
				GCC_OPTIMIZATION_LEVEL = 0;
				GCC_PREPROCESSOR_DEFINITIONS = (
					"DEBUG=1",
					"$(inherited)",
				);
				GCC_WARN_64_TO_32_BIT_CONVERSION = YES;
				GCC_WARN_ABOUT_RETURN_TYPE = YES_ERROR;
				GCC_WARN_UNDECLARED_SELECTOR = YES;
				GCC_WARN_UNINITIALIZED_AUTOS = YES_AGGRESSIVE;
				GCC_WARN_UNUSED_FUNCTION = YES;
				GCC_WARN_UNUSED_VARIABLE = YES;
				MACOSX_DEPLOYMENT_TARGET = 13.3;
				MTL_ENABLE_DEBUG_INFO = INCLUDE_SOURCE;
				MTL_FAST_MATH = YES;
				ONLY_ACTIVE_ARCH = YES;
				SDKROOT = macosx;
				SWIFT_ACTIVE_COMPILATION_CONDITIONS = DEBUG;
				SWIFT_OPTIMIZATION_LEVEL = "-Onone";
			};
			name = Debug;
		};
		AAE960EA29FFA7CF000D756B /* Release */ = {
			isa = XCBuildConfiguration;
			buildSettings = {
				ALWAYS_SEARCH_USER_PATHS = NO;
				CLANG_ANALYZER_NONNULL = YES;
				CLANG_ANALYZER_NUMBER_OBJECT_CONVERSION = YES_AGGRESSIVE;
				CLANG_CXX_LANGUAGE_STANDARD = "gnu++20";
				CLANG_ENABLE_MODULES = YES;
				CLANG_ENABLE_OBJC_ARC = YES;
				CLANG_ENABLE_OBJC_WEAK = YES;
				CLANG_WARN_BLOCK_CAPTURE_AUTORELEASING = YES;
				CLANG_WARN_BOOL_CONVERSION = YES;
				CLANG_WARN_COMMA = YES;
				CLANG_WARN_CONSTANT_CONVERSION = YES;
				CLANG_WARN_DEPRECATED_OBJC_IMPLEMENTATIONS = YES;
				CLANG_WARN_DIRECT_OBJC_ISA_USAGE = YES_ERROR;
				CLANG_WARN_DOCUMENTATION_COMMENTS = YES;
				CLANG_WARN_EMPTY_BODY = YES;
				CLANG_WARN_ENUM_CONVERSION = YES;
				CLANG_WARN_INFINITE_RECURSION = YES;
				CLANG_WARN_INT_CONVERSION = YES;
				CLANG_WARN_NON_LITERAL_NULL_CONVERSION = YES;
				CLANG_WARN_OBJC_IMPLICIT_RETAIN_SELF = YES;
				CLANG_WARN_OBJC_LITERAL_CONVERSION = YES;
				CLANG_WARN_OBJC_ROOT_CLASS = YES_ERROR;
				CLANG_WARN_QUOTED_INCLUDE_IN_FRAMEWORK_HEADER = YES;
				CLANG_WARN_RANGE_LOOP_ANALYSIS = YES;
				CLANG_WARN_STRICT_PROTOTYPES = YES;
				CLANG_WARN_SUSPICIOUS_MOVE = YES;
				CLANG_WARN_UNGUARDED_AVAILABILITY = YES_AGGRESSIVE;
				CLANG_WARN_UNREACHABLE_CODE = YES;
				CLANG_WARN__DUPLICATE_METHOD_MATCH = YES;
				COPY_PHASE_STRIP = NO;
				DEBUG_INFORMATION_FORMAT = "dwarf-with-dsym";
				ENABLE_NS_ASSERTIONS = NO;
				ENABLE_STRICT_OBJC_MSGSEND = YES;
				GCC_C_LANGUAGE_STANDARD = gnu11;
				GCC_NO_COMMON_BLOCKS = YES;
				GCC_WARN_64_TO_32_BIT_CONVERSION = YES;
				GCC_WARN_ABOUT_RETURN_TYPE = YES_ERROR;
				GCC_WARN_UNDECLARED_SELECTOR = YES;
				GCC_WARN_UNINITIALIZED_AUTOS = YES_AGGRESSIVE;
				GCC_WARN_UNUSED_FUNCTION = YES;
				GCC_WARN_UNUSED_VARIABLE = YES;
				MACOSX_DEPLOYMENT_TARGET = 13.3;
				MTL_ENABLE_DEBUG_INFO = NO;
				MTL_FAST_MATH = YES;
				SDKROOT = macosx;
				SWIFT_COMPILATION_MODE = wholemodule;
				SWIFT_OPTIMIZATION_LEVEL = "-O";
			};
			name = Release;
		};
		AAE960EC29FFA7CF000D756B /* Debug */ = {
			isa = XCBuildConfiguration;
			buildSettings = {
				ASSETCATALOG_COMPILER_APPICON_NAME = AppIcon;
				ASSETCATALOG_COMPILER_GLOBAL_ACCENT_COLOR_NAME = AccentColor;
				CODE_SIGN_ENTITLEMENTS = PDFGpt/PDFGpt.entitlements;
				CODE_SIGN_STYLE = Automatic;
				COMBINE_HIDPI_IMAGES = YES;
				CURRENT_PROJECT_VERSION = 1;
				DEVELOPMENT_ASSET_PATHS = "\"PDFGpt/Preview Content\"";
				DEVELOPMENT_TEAM = BCB2U5N8E6;
				ENABLE_HARDENED_RUNTIME = YES;
				ENABLE_PREVIEWS = YES;
				GENERATE_INFOPLIST_FILE = YES;
				INFOPLIST_KEY_NSHumanReadableCopyright = "";
				LD_RUNPATH_SEARCH_PATHS = (
					"$(inherited)",
					"@executable_path/../Frameworks",
				);
				MARKETING_VERSION = 1.0;
				PRODUCT_BUNDLE_IDENTIFIER = com.mac.laiymani.PDFGpt;
				PRODUCT_NAME = "$(TARGET_NAME)";
				SWIFT_EMIT_LOC_STRINGS = YES;
				SWIFT_VERSION = 5.0;
			};
			name = Debug;
		};
		AAE960ED29FFA7CF000D756B /* Release */ = {
			isa = XCBuildConfiguration;
			buildSettings = {
				ASSETCATALOG_COMPILER_APPICON_NAME = AppIcon;
				ASSETCATALOG_COMPILER_GLOBAL_ACCENT_COLOR_NAME = AccentColor;
				CODE_SIGN_ENTITLEMENTS = PDFGpt/PDFGpt.entitlements;
				CODE_SIGN_STYLE = Automatic;
				COMBINE_HIDPI_IMAGES = YES;
				CURRENT_PROJECT_VERSION = 1;
				DEVELOPMENT_ASSET_PATHS = "\"PDFGpt/Preview Content\"";
				DEVELOPMENT_TEAM = BCB2U5N8E6;
				ENABLE_HARDENED_RUNTIME = YES;
				ENABLE_PREVIEWS = YES;
				GENERATE_INFOPLIST_FILE = YES;
				INFOPLIST_KEY_NSHumanReadableCopyright = "";
				LD_RUNPATH_SEARCH_PATHS = (
					"$(inherited)",
					"@executable_path/../Frameworks",
				);
				MARKETING_VERSION = 1.0;
				PRODUCT_BUNDLE_IDENTIFIER = com.mac.laiymani.PDFGpt;
				PRODUCT_NAME = "$(TARGET_NAME)";
				SWIFT_EMIT_LOC_STRINGS = YES;
				SWIFT_VERSION = 5.0;
			};
			name = Release;
		};
/* End XCBuildConfiguration section */

/* Begin XCConfigurationList section */
		AAE960D729FFA7CE000D756B /* Build configuration list for PBXProject "PDFGpt" */ = {
			isa = XCConfigurationList;
			buildConfigurations = (
				AAE960E929FFA7CF000D756B /* Debug */,
				AAE960EA29FFA7CF000D756B /* Release */,
			);
			defaultConfigurationIsVisible = 0;
			defaultConfigurationName = Release;
		};
		AAE960EB29FFA7CF000D756B /* Build configuration list for PBXNativeTarget "PDFGpt" */ = {
			isa = XCConfigurationList;
			buildConfigurations = (
				AAE960EC29FFA7CF000D756B /* Debug */,
				AAE960ED29FFA7CF000D756B /* Release */,
			);
			defaultConfigurationIsVisible = 0;
			defaultConfigurationName = Release;
		};
/* End XCConfigurationList section */
	};
	rootObject = AAE960D429FFA7CE000D756B /* Project object */;
}
